{
  "nodes": {
    "nixpkgs": {
      "locked": {
        "lastModified": 1670955002,
        "narHash": "sha256-x2c/du9ba+S1EhNzjntOPNcnHsS3ym1JIEXsk6VtxM0=",
        "owner": "NixOS",
        "repo": "nixpkgs",
        "rev": "28c1f459e8b1b06420bfaa2f59c4638b40750b5c",
        "type": "github"
      },
      "original": {
        "owner": "NixOS",
        "repo": "nixpkgs",
        "type": "github"
      }
    },
    "root": {
      "inputs": {
        "nixpkgs": "nixpkgs"
      }
    }
  },
  "root": "root",
  "version": 7
}
