{
  "nodes": {
    "nixpkgs": {
      "locked": {
        "lastModified": 1696748797,
        "narHash": "sha256-pbZyaPq4A/bMNA+cXqEBZ7dbd8L6oeUQkZjFlgNFUyM=",
        "owner": "NixOS",
        "repo": "nixpkgs",
        "rev": "546637df9d1832176640b959b9f5562ea4b474c2",
        "type": "github"
      },
      "original": {
        "owner": "NixOS",
        "repo": "nixpkgs",
        "type": "github"
      }
    },
    "root": {
      "inputs": {
        "nixpkgs": "nixpkgs"
      }
    }
  },
  "root": "root",
  "version": 7
}
