{
  "nodes": {
    "nixpkgs": {
      "locked": {
        "lastModified": 1753366715,
        "narHash": "sha256-A721He7xBy4Q8m24FvjWTY6YrW1FfvxB4M6y2YfrCRA=",
        "owner": "NixOS",
        "repo": "nixpkgs",
        "rev": "0b911bd63c2c556eecbbafc9595b18d62cd9fdc3",
        "type": "github"
      },
      "original": {
        "owner": "NixOS",
        "repo": "nixpkgs",
        "type": "github"
      }
    },
    "root": {
      "inputs": {
        "nixpkgs": "nixpkgs"
      }
    }
  },
  "root": "root",
  "version": 7
}
