# This file is autogenerated, do not edit; changes may be undone by the next 'dep ensure'.


[[projects]]
  branch = "master"
  digest = "1:7afff364b8e5e9f1085fe77ae5630b8e0f7482338a50535881aa0b433e48fb0b"
  name = "github.com/alicebob/gopher-json"
  packages = ["."]
  pruneopts = "UT"
  revision = "5a6b3ba71ee69b77cf64febf8b5a7526ca5eaef0"

[[projects]]
  digest = "1:7284158c70254dd2db0750da44b202f68a84c64c6503e491f9d6aa17e8e0c3c3"
  name = "github.com/alicebob/miniredis"
  packages = [
    ".",
    "server",
  ]
  pruneopts = "UT"
  revision = "c8ba25935377e94fab2649b0ff92fdef1c98af76"
  version = "2.4.2"

[[projects]]
  branch = "master"
  digest = "1:d6afaeed1502aa28e80a4ed0981d570ad91b2579193404256ce672ed0a609e0d"
  name = "github.com/beorn7/perks"
  packages = ["quantile"]
  pruneopts = "UT"
  revision = "3a771d992973f24aa725d07868b467d1ddfceafb"

[[projects]]
  digest = "1:ffe9824d294da03b391f44e1ae8281281b4afc1bdaa9588c9097785e3af10cec"
  name = "github.com/davecgh/go-spew"
  packages = ["spew"]
  pruneopts = "UT"
  revision = "8991bc29aa16c548c550c7ff78260e27b9ab7c73"
  version = "v1.1.1"

[[projects]]
  digest = "1:75979463a31c650b93225d9794a7e7c9174b1a4dd98b7e0d5d8eb14a10b1b6ac"
  name = "github.com/globalsign/mgo"
  packages = [
    ".",
    "bson",
    "internal/json",
    "internal/sasl",
    "internal/scram",
  ]
  pruneopts = "UT"
  revision = "efe0945164a7e582241f37ae8983c075f8f2e870"
  version = "r2018.04.23"

[[projects]]
  digest = "1:555e710a62aa1b6b0c48f95ec31bc4001ea87852063ae7cce78a95db8afc9024"
  name = "github.com/go-redis/redis"
  packages = [
    ".",
    "internal",
    "internal/consistenthash",
    "internal/hashtag",
    "internal/pool",
    "internal/proto",
    "internal/singleflight",
    "internal/util",
  ]
  pruneopts = "UT"
  revision = "9133634a132e00309476e2d9acbf0c8058d4c888"
  version = "v6.10.0"

[[projects]]
  digest = "1:15042ad3498153684d09f393bbaec6b216c8eec6d61f63dff711de7d64ed8861"
  name = "github.com/golang/protobuf"
  packages = ["proto"]
  pruneopts = "UT"
  revision = "b4deda0973fb4c70b50d226b1af49f3da59f5265"
  version = "v1.1.0"

[[projects]]
  digest = "1:38ec74012390146c45af1f92d46e5382b50531247929ff3a685d2b2be65155ac"
  name = "github.com/gomodule/redigo"
  packages = [
    "internal",
    "redis",
  ]
  pruneopts = "UT"
  revision = "9c11da706d9b7902c6da69c592f75637793fe121"
  version = "v2.0.0"

[[projects]]
  digest = "1:43dd08a10854b2056e615d1b1d22ac94559d822e1f8b6fcc92c1a1057e85188e"
  name = "github.com/gorilla/websocket"
  packages = ["."]
  pruneopts = "UT"
  revision = "ea4d1f681babbce9545c9c5f3d5194a789c89f5b"
  version = "v1.2.0"

[[projects]]
  branch = "master"
  digest = "1:70107cf7ee5eb9e3c3dabe65bcb220bff22ee42e32d9b7fca988e16b8727cacc"
  name = "github.com/juju/errors"
  packages = ["."]
  pruneopts = "UT"
  revision = "c7d06af17c68cd34c835053720b21f6549d9b0ee"

[[projects]]
  branch = "master"
  digest = "1:5319672e306c6244fb1d6dabec397eb767b1ae86ef558679d8de7d12eec95421"
  name = "github.com/juju/loggo"
  packages = ["."]
  pruneopts = "UT"
  revision = "7f1609ff1f3fcf3519ed62ccaaa9e609ea287838"

[[projects]]
  branch = "master"
  digest = "1:1dcc0d199bca1eebe96f1a2f00b4f10867c5332ec1e25acd13c8f23bed3c8f85"
  name = "github.com/juju/replicaset"
  packages = ["."]
  pruneopts = "UT"
  revision = "86037679224858cd82666e4877a8ac4c42cbda8b"

[[projects]]
  branch = "master"
  digest = "1:b80137be5b997ab0d7aa739f600697abaa489f493fe7b6bb7f5f2a245bb18ccd"
  name = "github.com/juju/utils"
  packages = [
    ".",
    "clock",
  ]
  pruneopts = "UT"
  revision = "2000ea4ff0431598aec2b7e1d11d5d49b5384d63"

[[projects]]
  digest = "1:edbef42561faa44c19129b68d1e109fbc1647f63239250391eadc8d0e7c9f669"
  name = "github.com/kelseyhightower/envconfig"
  packages = ["."]
  pruneopts = "UT"
  revision = "f611eb38b3875cc3bd991ca91c51d06446afa14c"
  version = "v1.3.0"

[[projects]]
  branch = "master"
  digest = "1:7d7858db1f9b43b69c2905bae2b5c8b8395f6d2093dbf147ffaeb424c34c4e81"
  name = "github.com/kvz/logstreamer"
  packages = ["."]
  pruneopts = "UT"
  revision = "a635b98146f0f465f3413a0b8ec481f3698d3fc2"

[[projects]]
  branch = "master"
  digest = "1:7ccfdc2140e46a65dfac8a7104c4f64419317f310e08cdf31f05209c5ad77a22"
  name = "github.com/kylelemons/godebug"
  packages = [
    "diff",
    "pretty",
  ]
  pruneopts = "UT"
  revision = "d65d576e9348f5982d7f6d83682b694e731a45c6"

[[projects]]
  digest = "1:5985ef4caf91ece5d54817c11ea25f182697534f8ae6521eadcd628c142ac4b6"
  name = "github.com/matttproud/golang_protobuf_extensions"
  packages = ["pbutil"]
  pruneopts = "UT"
  revision = "3247c84500bff8d9fb6d579d800f20b3e091582c"
  version = "v1.0.0"

[[projects]]
  digest = "1:0028cb19b2e4c3112225cd871870f2d9cf49b9b4276531f03438a88e94be86fe"
  name = "github.com/pmezard/go-difflib"
  packages = ["difflib"]
  pruneopts = "UT"
  revision = "792786c7400a136282c1664665ae0a8db921c6c2"
  version = "v1.0.0"

[[projects]]
  branch = "master"
  digest = "1:a33104ac3daa43fe01d0ec46de76e35b9c14c5ec4bc899a4b0187ced176314b2"
  name = "github.com/prometheus/client_golang"
  packages = [
    "prometheus",
    "prometheus/promauto",
    "prometheus/promhttp",
  ]
  pruneopts = "UT"
  revision = "c51dc758d4bb30acacbef9eaa2b774969a135086"

[[projects]]
  branch = "master"
  digest = "1:32d10bdfa8f09ecf13598324dba86ab891f11db3c538b6a34d1c3b5b99d7c36b"
  name = "github.com/prometheus/client_model"
  packages = ["go"]
  pruneopts = "UT"
  revision = "99fa1f4be8e564e8a6b613da7fa6f46c9edafc6c"

[[projects]]
  branch = "master"
  digest = "1:e469cd65badf7694aeb44874518606d93c1d59e7735d3754ad442782437d3cc3"
  name = "github.com/prometheus/common"
  packages = [
    "expfmt",
    "internal/bitbucket.org/ww/goautoneg",
    "model",
  ]
  pruneopts = "UT"
  revision = "7600349dcfe1abd18d72d3a1770870d9800a7801"

[[projects]]
  branch = "master"
  digest = "1:570784e0ddbf67f14087c6d8cfb7b999b9c55e75518a755e88cb202566ea8a17"
  name = "github.com/prometheus/procfs"
  packages = [
    ".",
    "internal/util",
    "nfs",
    "xfs",
  ]
  pruneopts = "UT"
  revision = "8b1c2da0d56deffdbb9e48d4414b4e674bd8083e"

[[projects]]
  digest = "1:99d32780e5238c2621fff621123997c3e3cca96db8be13179013aea77dfab551"
  name = "github.com/stretchr/testify"
  packages = [
    "assert",
    "require",
  ]
  pruneopts = "UT"
  revision = "221dbe5ed46703ee255b1da0dec05086f5035f62"
  version = "v1.4.0"

[[projects]]
  branch = "master"
  digest = "1:4b4098a65f249add285fd93a80bc33f3fd7343ecc58ade46a0824d669130b463"
  name = "github.com/yuin/gopher-lua"
  packages = [
    ".",
    "ast",
    "parse",
    "pm",
  ]
  pruneopts = "UT"
  revision = "b0fa786cf4ea360285924c4a7fd42325be57aec8"

[[projects]]
  digest = "1:9d5cf6f23377cc24f00ba9a7b0c83fe070171c094e42eece262c6252a392ec33"
  name = "go.uber.org/atomic"
  packages = ["."]
  pruneopts = "UT"
  revision = "8474b86a5a6f79c443ce4b2992817ff32cf208b8"
  version = "v1.3.1"

[[projects]]
  digest = "1:60bf2a5e347af463c42ed31a493d817f8a72f102543060ed992754e689805d1a"
  name = "go.uber.org/multierr"
  packages = ["."]
  pruneopts = "UT"
  revision = "3c4937480c32f4c13a875a1829af76c98ca3d40a"
  version = "v1.1.0"

[[projects]]
  digest = "1:0d59cfb5fb7d699ef8442a0d049935f6d0034aa001ca8328d048a814e1661035"
  name = "go.uber.org/zap"
  packages = [
    ".",
    "buffer",
    "internal/bufferpool",
    "internal/color",
    "internal/exit",
    "zapcore",
  ]
  pruneopts = "UT"
  revision = "35aad584952c3e7020db7b839f6b102de6271f89"
  version = "v1.7.1"

[[projects]]
  branch = "master"
  digest = "1:f92f6956e4059f6a3efc14924d2dd58ba90da25cc57fe07ae3779ef2f5e0c5f2"
  name = "golang.org/x/crypto"
  packages = ["pbkdf2"]
  pruneopts = "UT"
  revision = "1a580b3eff7814fc9b40602fd35256c63b50f491"

[[projects]]
  branch = "master"
  digest = "1:76ee51c3f468493aff39dbacc401e8831fbb765104cbf613b89bef01cf4bad70"
  name = "golang.org/x/net"
  packages = ["context"]
  pruneopts = "UT"
  revision = "2491c5de3490fced2f6cff376127c667efeed857"

[[projects]]
  branch = "master"
  digest = "1:a4778a263f1461d503e5c279b0554ee5a6cb179b9af44d5c8533e59159a4a5e1"
  name = "golang.org/x/tools"
  packages = ["benchmark/parse"]
  pruneopts = "UT"
  revision = "48418e5732e1b1e2a10207c8007a5f959e422f20"

[[projects]]
  branch = "v2"
  digest = "1:5052389c6c809eeced44ec24ff9958bfea70b9859b7a25061c6fd9086c8f8989"
  name = "gopkg.in/mgo.v2"
  packages = [
    ".",
    "bson",
    "internal/json",
    "internal/sasl",
    "internal/scram",
  ]
  pruneopts = "UT"
  revision = "3f83fa5005286a7fe593b055f0d7771a7dce4655"

[[projects]]
  digest = "1:342378ac4dcb378a5448dd723f0784ae519383532f5e70ade24132c4c8693202"
  name = "gopkg.in/yaml.v2"
  packages = ["."]
  pruneopts = "UT"
  revision = "5420a8b6744d3b0345ab293f6fcba19c978f1183"
  version = "v2.2.1"

[solve-meta]
  analyzer-name = "dep"
  analyzer-version = 1
  input-imports = [
    "github.com/alicebob/miniredis",
    "github.com/globalsign/mgo",
    "github.com/globalsign/mgo/bson",
    "github.com/go-redis/redis",
    "github.com/gorilla/websocket",
    "github.com/juju/replicaset",
    "github.com/kelseyhightower/envconfig",
    "github.com/kvz/logstreamer",
    "github.com/kylelemons/godebug/pretty",
    "github.com/prometheus/client_golang/prometheus",
    "github.com/prometheus/client_golang/prometheus/promauto",
    "github.com/prometheus/client_golang/prometheus/promhttp",
    "github.com/prometheus/client_model/go",
    "github.com/prometheus/common/expfmt",
    "github.com/stretchr/testify/require",
    "go.uber.org/zap",
    "golang.org/x/tools/benchmark/parse",
    "gopkg.in/mgo.v2",
    "gopkg.in/mgo.v2/bson",
  ]
  solver-name = "gps-cdcl"
  solver-version = 1
