# This file is autogenerated, do not edit; changes may be undone by the next 'dep ensure'.


[[projects]]
  branch = "master"
  name = "github.com/alicebob/gopher-json"
  packages = ["."]
  revision = "5a6b3ba71ee69b77cf64febf8b5a7526ca5eaef0"

[[projects]]
  name = "github.com/alicebob/miniredis"
  packages = [
    ".",
    "server"
  ]
  revision = "c8ba25935377e94fab2649b0ff92fdef1c98af76"
  version = "2.4.2"

[[projects]]
  branch = "master"
  name = "github.com/globalsign/mgo"
  packages = [
    ".",
    "bson",
    "internal/json",
    "internal/sasl",
    "internal/scram"
  ]
  revision = "efe0945164a7e582241f37ae8983c075f8f2e870"

[[projects]]
  name = "github.com/go-redis/redis"
  packages = [
    ".",
    "internal",
    "internal/consistenthash",
    "internal/hashtag",
    "internal/pool",
    "internal/proto",
    "internal/singleflight",
    "internal/util"
  ]
  revision = "9133634a132e00309476e2d9acbf0c8058d4c888"
  version = "v6.10.0"

[[projects]]
  name = "github.com/gomodule/redigo"
  packages = [
    "internal",
    "redis"
  ]
  revision = "9c11da706d9b7902c6da69c592f75637793fe121"
  version = "v2.0.0"

[[projects]]
  branch = "master"
  name = "github.com/juju/errors"
  packages = ["."]
  revision = "c7d06af17c68cd34c835053720b21f6549d9b0ee"

[[projects]]
  branch = "master"
  name = "github.com/juju/loggo"
  packages = ["."]
  revision = "7f1609ff1f3fcf3519ed62ccaaa9e609ea287838"

[[projects]]
  branch = "master"
  name = "github.com/juju/replicaset"
  packages = ["."]
  revision = "86037679224858cd82666e4877a8ac4c42cbda8b"

[[projects]]
  branch = "master"
  name = "github.com/juju/utils"
  packages = [
    ".",
    "clock"
  ]
  revision = "2000ea4ff0431598aec2b7e1d11d5d49b5384d63"

[[projects]]
  name = "github.com/kelseyhightower/envconfig"
  packages = ["."]
  revision = "f611eb38b3875cc3bd991ca91c51d06446afa14c"
  version = "v1.3.0"

[[projects]]
  branch = "master"
  name = "github.com/kvz/logstreamer"
  packages = ["."]
  revision = "a635b98146f0f465f3413a0b8ec481f3698d3fc2"

[[projects]]
  branch = "master"
  name = "github.com/kylelemons/godebug"
  packages = [
    "diff",
    "pretty"
  ]
  revision = "d65d576e9348f5982d7f6d83682b694e731a45c6"

[[projects]]
  branch = "master"
  name = "github.com/yuin/gopher-lua"
  packages = [
    ".",
    "ast",
    "parse",
    "pm"
  ]
  revision = "b0fa786cf4ea360285924c4a7fd42325be57aec8"

[[projects]]
  name = "go.uber.org/atomic"
  packages = ["."]
  revision = "8474b86a5a6f79c443ce4b2992817ff32cf208b8"
  version = "v1.3.1"

[[projects]]
  name = "go.uber.org/multierr"
  packages = ["."]
  revision = "3c4937480c32f4c13a875a1829af76c98ca3d40a"
  version = "v1.1.0"

[[projects]]
  name = "go.uber.org/zap"
  packages = [
    ".",
    "buffer",
    "internal/bufferpool",
    "internal/color",
    "internal/exit",
    "zapcore"
  ]
  revision = "35aad584952c3e7020db7b839f6b102de6271f89"
  version = "v1.7.1"

[[projects]]
  branch = "master"
  name = "golang.org/x/crypto"
  packages = ["pbkdf2"]
  revision = "1a580b3eff7814fc9b40602fd35256c63b50f491"

[[projects]]
  branch = "master"
  name = "golang.org/x/net"
  packages = ["context"]
  revision = "2491c5de3490fced2f6cff376127c667efeed857"

[[projects]]
  branch = "master"
  name = "golang.org/x/tools"
  packages = ["benchmark/parse"]
  revision = "48418e5732e1b1e2a10207c8007a5f959e422f20"

[[projects]]
  branch = "v2"
  name = "gopkg.in/mgo.v2"
  packages = [
    ".",
    "bson",
    "internal/json",
    "internal/sasl",
    "internal/scram"
  ]
  revision = "3f83fa5005286a7fe593b055f0d7771a7dce4655"

[[projects]]
  name = "gopkg.in/yaml.v2"
  packages = ["."]
  revision = "5420a8b6744d3b0345ab293f6fcba19c978f1183"
  version = "v2.2.1"

[solve-meta]
  analyzer-name = "dep"
  analyzer-version = 1
  inputs-digest = "4d8cf1979ea77050f39294c80b06e40f0e0bc900a81bdd57e041bca1785eca1e"
  solver-name = "gps-cdcl"
  solver-version = 1
